# generated by rye
# use `rye lock` or `rye sync` to update this lockfile
#
# last locked with the following flags:
#   pre: false
#   features: []
#   all-features: false
#   with-sources: false
#   generate-hashes: false
#   universal: false

-e file:.
attrs==20.3.0
    # via check50
    # via lib50
beautifulsoup4==4.12.3
    # via check50
certifi==2024.8.30
    # via requests
cffi==1.17.1
    # via cryptography
charset-normalizer==3.4.0
    # via requests
check50==3.3.11
    # via week0
cryptography==43.0.1
    # via lib50
idna==3.10
    # via requests
iniconfig==2.0.0
    # via pytest
jellyfish==0.11.2
    # via lib50
jinja2==3.1.4
    # via check50
lib50==3.0.11
    # via check50
markupsafe==3.0.1
    # via jinja2
packaging==24.1
    # via check50
    # via lib50
    # via pytest
pexpect==4.9.0
    # via check50
    # via lib50
pluggy==1.5.0
    # via pytest
ptyprocess==0.7.0
    # via pexpect
pycparser==2.22
    # via cffi
pygame==2.6.1
    # via week0
pytest==8.3.3
    # via week0
pyyaml==6.0.2
    # via check50
    # via lib50
requests==2.32.3
    # via check50
    # via lib50
setuptools==75.1.0
    # via check50
    # via lib50
soupsieve==2.6
    # via beautifulsoup4
termcolor==1.1.0
    # via check50
    # via lib50
urllib3==2.2.3
    # via requests
